
Microsoft Visual Studio Solution File, Format Version 12.00
# Visual Studio Version 17
VisualStudioVersion = 17.4.33103.184
MinimumVisualStudioVersion = 10.0.40219.1
Project("{9A19103F-16F7-4668-BE54-9A1E7A4F7556}") = "PanicSQLWPF", "PanicSQLWPF\PanicSQLWPF.csproj", "{FE7F73BB-ECC4-436C-B028-B517A43B5360}"
EndProject
Project("{9A19103F-16F7-4668-BE54-9A1E7A4F7556}") = "Model", "Model\Model.csproj", "{8EAE523F-AFBD-4E49-9223-9CA710F41897}"
EndProject
Project("{9A19103F-16F7-4668-BE54-9A1E7A4F7556}") = "ViewModel", "ViewModel\ViewModel.csproj", "{6DC3FDA2-7BA4-4185-AFD5-D51A5942C2A7}"
	ProjectSection(ProjectDependencies) = postProject
		{8EAE523F-AFBD-4E49-9223-9CA710F41897} = {8EAE523F-AFBD-4E49-9223-9CA710F41897}
	EndProjectSection
EndProject
Global
	GlobalSection(SolutionConfigurationPlatforms) = preSolution
		Debug|Any CPU = Debug|Any CPU
		Release|Any CPU = Release|Any CPU
	EndGlobalSection
	GlobalSection(ProjectConfigurationPlatforms) = postSolution
		{FE7F73BB-ECC4-436C-B028-B517A43B5360}.Debug|Any CPU.ActiveCfg = Debug|Any CPU
		{FE7F73BB-ECC4-436C-B028-B517A43B5360}.Debug|Any CPU.Build.0 = Debug|Any CPU
		{FE7F73BB-ECC4-436C-B028-B517A43B5360}.Release|Any CPU.ActiveCfg = Release|Any CPU
		{FE7F73BB-ECC4-436C-B028-B517A43B5360}.Release|Any CPU.Build.0 = Release|Any CPU
		{8EAE523F-AFBD-4E49-9223-9CA710F41897}.Debug|Any CPU.ActiveCfg = Debug|Any CPU
		{8EAE523F-AFBD-4E49-9223-9CA710F41897}.Debug|Any CPU.Build.0 = Debug|Any CPU
		{8EAE523F-AFBD-4E49-9223-9CA710F41897}.Release|Any CPU.ActiveCfg = Release|Any CPU
		{8EAE523F-AFBD-4E49-9223-9CA710F41897}.Release|Any CPU.Build.0 = Release|Any CPU
		{6DC3FDA2-7BA4-4185-AFD5-D51A5942C2A7}.Debug|Any CPU.ActiveCfg = Debug|Any CPU
		{6DC3FDA2-7BA4-4185-AFD5-D51A5942C2A7}.Debug|Any CPU.Build.0 = Debug|Any CPU
		{6DC3FDA2-7BA4-4185-AFD5-D51A5942C2A7}.Release|Any CPU.ActiveCfg = Release|Any CPU
		{6DC3FDA2-7BA4-4185-AFD5-D51A5942C2A7}.Release|Any CPU.Build.0 = Release|Any CPU
	EndGlobalSection
	GlobalSection(SolutionProperties) = preSolution
		HideSolutionNode = FALSE
	EndGlobalSection
	GlobalSection(ExtensibilityGlobals) = postSolution
		SolutionGuid = {BBA534C2-F4CE-44DD-8C01-89A44A54834C}
	EndGlobalSection
EndGlobal
